// !$*UTF8*$!
{
	archiveVersion = 1;
	classes = {
	};
	objectVersion = 52;
	objects = {

/* Begin PBXBuildFile section */
		B510065A29AF6B05000EC4F5 /* ManualDI.swift in Sources */ = {isa = PBXBuildFile; fileRef = B510065929AF6B05000EC4F5 /* ManualDI.swift */; };
		B519D3352824659700608201 /* CombineMoya in Frameworks */ = {isa = PBXBuildFile; productRef = B519D3342824659700608201 /* CombineMoya */; };
		B519D3372824659700608201 /* Moya in Frameworks */ = {isa = PBXBuildFile; productRef = B519D3362824659700608201 /* Moya */; };
		B52EEE7C2824194B00AECB8A /* Alamofire in Frameworks */ = {isa = PBXBuildFile; productRef = B52EEE7B2824194B00AECB8A /* Alamofire */; };
		B52EEE7F2824275600AECB8A /* Swinject in Frameworks */ = {isa = PBXBuildFile; productRef = B52EEE7E2824275600AECB8A /* Swinject */; };
		B533DC3B28EE275100C162BF /* ViewDataState.swift in Sources */ = {isa = PBXBuildFile; fileRef = B533DC3A28EE275100C162BF /* ViewDataState.swift */; };
		B541544029B91C220031C433 /* DependencyFactory.swift in Sources */ = {isa = PBXBuildFile; fileRef = B541543F29B91C220031C433 /* DependencyFactory.swift */; };
		B566E29628304C2500F48BBE /* Swinject.swift in Sources */ = {isa = PBXBuildFile; fileRef = B566E29528304C2500F48BBE /* Swinject.swift */; };
		B56D1653269A499D00693125 /* BasicApplicationNetworkService.swift in Sources */ = {isa = PBXBuildFile; fileRef = B56D1652269A499D00693125 /* BasicApplicationNetworkService.swift */; };
		B56D1655269A521400693125 /* User.swift in Sources */ = {isa = PBXBuildFile; fileRef = B56D1654269A521400693125 /* User.swift */; };
		B56D1657269A547200693125 /* BasicApplicationViewModel.swift in Sources */ = {isa = PBXBuildFile; fileRef = B56D1656269A547200693125 /* BasicApplicationViewModel.swift */; };
		B56D1659269A55D300693125 /* BasicApplicationView.swift in Sources */ = {isa = PBXBuildFile; fileRef = B56D1658269A55D300693125 /* BasicApplicationView.swift */; };
		B59656242826AD9B00AB8B82 /* FirebaseFirestore in Frameworks */ = {isa = PBXBuildFile; productRef = B59656232826AD9B00AB8B82 /* FirebaseFirestore */; };
		B5E5604C266C20D800DFA999 /* CoreDataDatabase.xcdatamodeld in Sources */ = {isa = PBXBuildFile; fileRef = B5E5604A266C20D800DFA999 /* CoreDataDatabase.xcdatamodeld */; };
		B5E5604E266C215800DFA999 /* PresistentController.swift in Sources */ = {isa = PBXBuildFile; fileRef = B5E5604D266C215800DFA999 /* PresistentController.swift */; };
		EDBC4AA226334A5900D3EE9D /* BasicApplicationApp.swift in Sources */ = {isa = PBXBuildFile; fileRef = EDBC4AA126334A5900D3EE9D /* BasicApplicationApp.swift */; };
		EDBC4AA626334A5A00D3EE9D /* Assets.xcassets in Resources */ = {isa = PBXBuildFile; fileRef = EDBC4AA526334A5A00D3EE9D /* Assets.xcassets */; };
		EDBC4AA926334A5A00D3EE9D /* Preview Assets.xcassets in Resources */ = {isa = PBXBuildFile; fileRef = EDBC4AA826334A5A00D3EE9D /* Preview Assets.xcassets */; };
		EDBC4AB226334A7100D3EE9D /* Video.swift in Sources */ = {isa = PBXBuildFile; fileRef = EDBC4AB126334A7100D3EE9D /* Video.swift */; };
/* End PBXBuildFile section */

/* Begin PBXFileReference section */
		B510065929AF6B05000EC4F5 /* ManualDI.swift */ = {isa = PBXFileReference; lastKnownFileType = sourcecode.swift; path = ManualDI.swift; sourceTree = "<group>"; };
		B533DC3A28EE275100C162BF /* ViewDataState.swift */ = {isa = PBXFileReference; lastKnownFileType = sourcecode.swift; path = ViewDataState.swift; sourceTree = "<group>"; };
		B541543F29B91C220031C433 /* DependencyFactory.swift */ = {isa = PBXFileReference; fileEncoding = 4; lastKnownFileType = sourcecode.swift; path = DependencyFactory.swift; sourceTree = "<group>"; };
		B566E29528304C2500F48BBE /* Swinject.swift */ = {isa = PBXFileReference; lastKnownFileType = sourcecode.swift; path = Swinject.swift; sourceTree = "<group>"; };
		B56D1652269A499D00693125 /* BasicApplicationNetworkService.swift */ = {isa = PBXFileReference; lastKnownFileType = sourcecode.swift; path = BasicApplicationNetworkService.swift; sourceTree = "<group>"; };
		B56D1654269A521400693125 /* User.swift */ = {isa = PBXFileReference; lastKnownFileType = sourcecode.swift; path = User.swift; sourceTree = "<group>"; };
		B56D1656269A547200693125 /* BasicApplicationViewModel.swift */ = {isa = PBXFileReference; lastKnownFileType = sourcecode.swift; path = BasicApplicationViewModel.swift; sourceTree = "<group>"; };
		B56D1658269A55D300693125 /* BasicApplicationView.swift */ = {isa = PBXFileReference; lastKnownFileType = sourcecode.swift; path = BasicApplicationView.swift; sourceTree = "<group>"; };
		B5E5604B266C20D800DFA999 /* CoreData.xcdatamodel */ = {isa = PBXFileReference; lastKnownFileType = wrapper.xcdatamodel; path = CoreData.xcdatamodel; sourceTree = "<group>"; };
		B5E5604D266C215800DFA999 /* PresistentController.swift */ = {isa = PBXFileReference; lastKnownFileType = sourcecode.swift; path = PresistentController.swift; sourceTree = "<group>"; };
		EDBC4A9E26334A5900D3EE9D /* Basic Application.app */ = {isa = PBXFileReference; explicitFileType = wrapper.application; includeInIndex = 0; path = "Basic Application.app"; sourceTree = BUILT_PRODUCTS_DIR; };
		EDBC4AA126334A5900D3EE9D /* BasicApplicationApp.swift */ = {isa = PBXFileReference; lastKnownFileType = sourcecode.swift; path = BasicApplicationApp.swift; sourceTree = "<group>"; };
		EDBC4AA526334A5A00D3EE9D /* Assets.xcassets */ = {isa = PBXFileReference; lastKnownFileType = folder.assetcatalog; path = Assets.xcassets; sourceTree = "<group>"; };
		EDBC4AA826334A5A00D3EE9D /* Preview Assets.xcassets */ = {isa = PBXFileReference; lastKnownFileType = folder.assetcatalog; path = "Preview Assets.xcassets"; sourceTree = "<group>"; };
		EDBC4AAA26334A5A00D3EE9D /* Info.plist */ = {isa = PBXFileReference; lastKnownFileType = text.plist.xml; path = Info.plist; sourceTree = "<group>"; };
		EDBC4AB126334A7100D3EE9D /* Video.swift */ = {isa = PBXFileReference; lastKnownFileType = sourcecode.swift; path = Video.swift; sourceTree = "<group>"; };
/* End PBXFileReference section */

/* Begin PBXFrameworksBuildPhase section */
		EDBC4A9B26334A5900D3EE9D /* Frameworks */ = {
			isa = PBXFrameworksBuildPhase;
			buildActionMask = 2147483647;
			files = (
				B52EEE7C2824194B00AECB8A /* Alamofire in Frameworks */,
				B52EEE7F2824275600AECB8A /* Swinject in Frameworks */,
				B519D3372824659700608201 /* Moya in Frameworks */,
				B59656242826AD9B00AB8B82 /* FirebaseFirestore in Frameworks */,
				B519D3352824659700608201 /* CombineMoya in Frameworks */,
			);
			runOnlyForDeploymentPostprocessing = 0;
		};
/* End PBXFrameworksBuildPhase section */

/* Begin PBXGroup section */
		B505FC9B2662544700D368E8 /* UI */ = {
			isa = PBXGroup;
			children = (
				B505FC9D2662547200D368E8 /* View */,
				B505FC9C2662546A00D368E8 /* Main */,
			);
			path = UI;
			sourceTree = "<group>";
		};
		B505FC9C2662546A00D368E8 /* Main */ = {
			isa = PBXGroup;
			children = (
				EDBC4AA126334A5900D3EE9D /* BasicApplicationApp.swift */,
			);
			path = Main;
			sourceTree = "<group>";
		};
		B505FC9D2662547200D368E8 /* View */ = {
			isa = PBXGroup;
			children = (
				B56D1658269A55D300693125 /* BasicApplicationView.swift */,
				B56D1656269A547200693125 /* BasicApplicationViewModel.swift */,
				B533DC3A28EE275100C162BF /* ViewDataState.swift */,
			);
			path = View;
			sourceTree = "<group>";
		};
		B505FC9E266254A600D368E8 /* Model */ = {
			isa = PBXGroup;
			children = (
				EDBC4AB126334A7100D3EE9D /* Video.swift */,
				B56D1654269A521400693125 /* User.swift */,
			);
			path = Model;
			sourceTree = "<group>";
		};
		B505FCA0266254D200D368E8 /* Assets */ = {
			isa = PBXGroup;
			children = (
				EDBC4AA526334A5A00D3EE9D /* Assets.xcassets */,
				EDBC4AA826334A5A00D3EE9D /* Preview Assets.xcassets */,
			);
			path = Assets;
			sourceTree = "<group>";
		};
		B5313E092664317300FA0644 /* Database */ = {
			isa = PBXGroup;
			children = (
				B5E5604A266C20D800DFA999 /* CoreDataDatabase.xcdatamodeld */,
				B5E5604D266C215800DFA999 /* PresistentController.swift */,
			);
			path = Database;
			sourceTree = "<group>";
		};
		B5313E0A2664317E00FA0644 /* Dependency Injection */ = {
			isa = PBXGroup;
			children = (
				B541543F29B91C220031C433 /* DependencyFactory.swift */,
				B566E29528304C2500F48BBE /* Swinject.swift */,
				B510065929AF6B05000EC4F5 /* ManualDI.swift */,
			);
			path = "Dependency Injection";
			sourceTree = "<group>";
		};
		B55A568C26629359009FDF42 /* Data */ = {
			isa = PBXGroup;
			children = (
				B56D1652269A499D00693125 /* BasicApplicationNetworkService.swift */,
			);
			path = Data;
			sourceTree = "<group>";
		};
		EDBC4A9526334A5900D3EE9D = {
			isa = PBXGroup;
			children = (
				EDBC4AA026334A5900D3EE9D /* Basic Application */,
				EDBC4A9F26334A5900D3EE9D /* Products */,
			);
			sourceTree = "<group>";
		};
		EDBC4A9F26334A5900D3EE9D /* Products */ = {
			isa = PBXGroup;
			children = (
				EDBC4A9E26334A5900D3EE9D /* Basic Application.app */,
			);
			name = Products;
			sourceTree = "<group>";
		};
		EDBC4AA026334A5900D3EE9D /* Basic Application */ = {
			isa = PBXGroup;
			children = (
				B5313E0A2664317E00FA0644 /* Dependency Injection */,
				B5313E092664317300FA0644 /* Database */,
				B55A568C26629359009FDF42 /* Data */,
				B505FCA0266254D200D368E8 /* Assets */,
				B505FC9E266254A600D368E8 /* Model */,
				B505FC9B2662544700D368E8 /* UI */,
				EDBC4AAA26334A5A00D3EE9D /* Info.plist */,
			);
			path = "Basic Application";
			sourceTree = "<group>";
		};
/* End PBXGroup section */

/* Begin PBXNativeTarget section */
		EDBC4A9D26334A5900D3EE9D /* Basic Application */ = {
			isa = PBXNativeTarget;
			buildConfigurationList = EDBC4AAD26334A5A00D3EE9D /* Build configuration list for PBXNativeTarget "Basic Application" */;
			buildPhases = (
				EDBC4A9A26334A5900D3EE9D /* Sources */,
				EDBC4A9B26334A5900D3EE9D /* Frameworks */,
				EDBC4A9C26334A5900D3EE9D /* Resources */,
			);
			buildRules = (
			);
			dependencies = (
			);
			name = "Basic Application";
			packageProductDependencies = (
				B52EEE7B2824194B00AECB8A /* Alamofire */,
				B52EEE7E2824275600AECB8A /* Swinject */,
				B519D3342824659700608201 /* CombineMoya */,
				B519D3362824659700608201 /* Moya */,
				B59656232826AD9B00AB8B82 /* FirebaseFirestore */,
			);
			productName = "SwiftUI-List-Starter";
			productReference = EDBC4A9E26334A5900D3EE9D /* Basic Application.app */;
			productType = "com.apple.product-type.application";
		};
/* End PBXNativeTarget section */

/* Begin PBXProject section */
		EDBC4A9626334A5900D3EE9D /* Project object */ = {
			isa = PBXProject;
			attributes = {
				LastSwiftUpdateCheck = 1240;
				LastUpgradeCheck = 1240;
				TargetAttributes = {
					EDBC4A9D26334A5900D3EE9D = {
						CreatedOnToolsVersion = 12.4;
					};
				};
			};
			buildConfigurationList = EDBC4A9926334A5900D3EE9D /* Build configuration list for PBXProject "Basic Application" */;
			compatibilityVersion = "Xcode 9.3";
			developmentRegion = en;
			hasScannedForEncodings = 0;
			knownRegions = (
				en,
				Base,
			);
			mainGroup = EDBC4A9526334A5900D3EE9D;
			packageReferences = (
				B52EEE7A2824194B00AECB8A /* XCRemoteSwiftPackageReference "Alamofire" */,
				B52EEE7D2824275600AECB8A /* XCRemoteSwiftPackageReference "Swinject" */,
				B519D3332824659700608201 /* XCRemoteSwiftPackageReference "Moya" */,
				B59656222826AD9B00AB8B82 /* XCRemoteSwiftPackageReference "firebase-ios-sdk" */,
			);
			productRefGroup = EDBC4A9F26334A5900D3EE9D /* Products */;
			projectDirPath = "";
			projectRoot = "";
			targets = (
				EDBC4A9D26334A5900D3EE9D /* Basic Application */,
			);
		};
/* End PBXProject section */

/* Begin PBXResourcesBuildPhase section */
		EDBC4A9C26334A5900D3EE9D /* Resources */ = {
			isa = PBXResourcesBuildPhase;
			buildActionMask = 2147483647;
			files = (
				EDBC4AA926334A5A00D3EE9D /* Preview Assets.xcassets in Resources */,
				EDBC4AA626334A5A00D3EE9D /* Assets.xcassets in Resources */,
			);
			runOnlyForDeploymentPostprocessing = 0;
		};
/* End PBXResourcesBuildPhase section */

/* Begin PBXSourcesBuildPhase section */
		EDBC4A9A26334A5900D3EE9D /* Sources */ = {
			isa = PBXSourcesBuildPhase;
			buildActionMask = 2147483647;
			files = (
				B5E5604E266C215800DFA999 /* PresistentController.swift in Sources */,
				B541544029B91C220031C433 /* DependencyFactory.swift in Sources */,
				B56D1659269A55D300693125 /* BasicApplicationView.swift in Sources */,
				B533DC3B28EE275100C162BF /* ViewDataState.swift in Sources */,
				B5E5604C266C20D800DFA999 /* CoreDataDatabase.xcdatamodeld in Sources */,
				B56D1657269A547200693125 /* BasicApplicationViewModel.swift in Sources */,
				EDBC4AB226334A7100D3EE9D /* Video.swift in Sources */,
				EDBC4AA226334A5900D3EE9D /* BasicApplicationApp.swift in Sources */,
				B56D1655269A521400693125 /* User.swift in Sources */,
				B566E29628304C2500F48BBE /* Swinject.swift in Sources */,
				B510065A29AF6B05000EC4F5 /* ManualDI.swift in Sources */,
				B56D1653269A499D00693125 /* BasicApplicationNetworkService.swift in Sources */,
			);
			runOnlyForDeploymentPostprocessing = 0;
		};
/* End PBXSourcesBuildPhase section */

/* Begin XCBuildConfiguration section */
		B5658D6B281D6EF0003B4491 /* Stage */ = {
			isa = XCBuildConfiguration;
			buildSettings = {
				ALWAYS_SEARCH_USER_PATHS = NO;
				CLANG_ANALYZER_NONNULL = YES;
				CLANG_ANALYZER_NUMBER_OBJECT_CONVERSION = YES_AGGRESSIVE;
				CLANG_CXX_LANGUAGE_STANDARD = "gnu++14";
				CLANG_CXX_LIBRARY = "libc++";
				CLANG_ENABLE_MODULES = YES;
				CLANG_ENABLE_OBJC_ARC = YES;
				CLANG_ENABLE_OBJC_WEAK = YES;
				CLANG_WARN_BLOCK_CAPTURE_AUTORELEASING = YES;
				CLANG_WARN_BOOL_CONVERSION = YES;
				CLANG_WARN_COMMA = YES;
				CLANG_WARN_CONSTANT_CONVERSION = YES;
				CLANG_WARN_DEPRECATED_OBJC_IMPLEMENTATIONS = YES;
				CLANG_WARN_DIRECT_OBJC_ISA_USAGE = YES_ERROR;
				CLANG_WARN_DOCUMENTATION_COMMENTS = YES;
				CLANG_WARN_EMPTY_BODY = YES;
				CLANG_WARN_ENUM_CONVERSION = YES;
				CLANG_WARN_INFINITE_RECURSION = YES;
				CLANG_WARN_INT_CONVERSION = YES;
				CLANG_WARN_NON_LITERAL_NULL_CONVERSION = YES;
				CLANG_WARN_OBJC_IMPLICIT_RETAIN_SELF = YES;
				CLANG_WARN_OBJC_LITERAL_CONVERSION = YES;
				CLANG_WARN_OBJC_ROOT_CLASS = YES_ERROR;
				CLANG_WARN_QUOTED_INCLUDE_IN_FRAMEWORK_HEADER = YES;
				CLANG_WARN_RANGE_LOOP_ANALYSIS = YES;
				CLANG_WARN_STRICT_PROTOTYPES = YES;
				CLANG_WARN_SUSPICIOUS_MOVE = YES;
				CLANG_WARN_UNGUARDED_AVAILABILITY = YES_AGGRESSIVE;
				CLANG_WARN_UNREACHABLE_CODE = YES;
				CLANG_WARN__DUPLICATE_METHOD_MATCH = YES;
				COPY_PHASE_STRIP = NO;
				DEBUG_INFORMATION_FORMAT = dwarf;
				ENABLE_STRICT_OBJC_MSGSEND = YES;
				ENABLE_TESTABILITY = YES;
				GCC_C_LANGUAGE_STANDARD = gnu11;
				GCC_DYNAMIC_NO_PIC = NO;
				GCC_NO_COMMON_BLOCKS = YES;
				GCC_OPTIMIZATION_LEVEL = 0;
				GCC_PREPROCESSOR_DEFINITIONS = (
					"DEBUG=1",
					"$(inherited)",
				);
				GCC_WARN_64_TO_32_BIT_CONVERSION = YES;
				GCC_WARN_ABOUT_RETURN_TYPE = YES_ERROR;
				GCC_WARN_UNDECLARED_SELECTOR = YES;
				GCC_WARN_UNINITIALIZED_AUTOS = YES_AGGRESSIVE;
				GCC_WARN_UNUSED_FUNCTION = YES;
				GCC_WARN_UNUSED_VARIABLE = YES;
				IPHONEOS_DEPLOYMENT_TARGET = 14.4;
				MTL_ENABLE_DEBUG_INFO = INCLUDE_SOURCE;
				MTL_FAST_MATH = YES;
				ONLY_ACTIVE_ARCH = YES;
				PRODUCT_NAME = "Basic Application";
				SDKROOT = iphoneos;
				SWIFT_ACTIVE_COMPILATION_CONDITIONS = DEBUG;
				SWIFT_OPTIMIZATION_LEVEL = "-Onone";
			};
			name = Stage;
		};
		B5658D6C281D6EF0003B4491 /* Stage */ = {
			isa = XCBuildConfiguration;
			buildSettings = {
				ASSETCATALOG_COMPILER_APPICON_NAME = AppIcon;
				ASSETCATALOG_COMPILER_GLOBAL_ACCENT_COLOR_NAME = AccentColor;
				CODE_SIGN_STYLE = Automatic;
				DEVELOPMENT_ASSET_PATHS = "\"Basic Application/Assets\"";
				ENABLE_PREVIEWS = YES;
				INFOPLIST_FILE = "Basic Application/Info.plist";
				IPHONEOS_DEPLOYMENT_TARGET = 14.0;
				LD_RUNPATH_SEARCH_PATHS = (
					"$(inherited)",
					"@executable_path/Frameworks",
				);
				ONLY_ACTIVE_ARCH = YES;
				PRODUCT_BUNDLE_IDENTIFIER = com.alonshlider.basicapplication;
				PRODUCT_NAME = "Basic Application";
				SWIFT_VERSION = 5.0;
				TARGETED_DEVICE_FAMILY = "1,2";
			};
			name = Stage;
		};
		EDBC4AAB26334A5A00D3EE9D /* Development */ = {
			isa = XCBuildConfiguration;
			buildSettings = {
				ALWAYS_SEARCH_USER_PATHS = NO;
				CLANG_ANALYZER_NONNULL = YES;
				CLANG_ANALYZER_NUMBER_OBJECT_CONVERSION = YES_AGGRESSIVE;
				CLANG_CXX_LANGUAGE_STANDARD = "gnu++14";
				CLANG_CXX_LIBRARY = "libc++";
				CLANG_ENABLE_MODULES = YES;
				CLANG_ENABLE_OBJC_ARC = YES;
				CLANG_ENABLE_OBJC_WEAK = YES;
				CLANG_WARN_BLOCK_CAPTURE_AUTORELEASING = YES;
				CLANG_WARN_BOOL_CONVERSION = YES;
				CLANG_WARN_COMMA = YES;
				CLANG_WARN_CONSTANT_CONVERSION = YES;
				CLANG_WARN_DEPRECATED_OBJC_IMPLEMENTATIONS = YES;
				CLANG_WARN_DIRECT_OBJC_ISA_USAGE = YES_ERROR;
				CLANG_WARN_DOCUMENTATION_COMMENTS = YES;
				CLANG_WARN_EMPTY_BODY = YES;
				CLANG_WARN_ENUM_CONVERSION = YES;
				CLANG_WARN_INFINITE_RECURSION = YES;
				CLANG_WARN_INT_CONVERSION = YES;
				CLANG_WARN_NON_LITERAL_NULL_CONVERSION = YES;
				CLANG_WARN_OBJC_IMPLICIT_RETAIN_SELF = YES;
				CLANG_WARN_OBJC_LITERAL_CONVERSION = YES;
				CLANG_WARN_OBJC_ROOT_CLASS = YES_ERROR;
				CLANG_WARN_QUOTED_INCLUDE_IN_FRAMEWORK_HEADER = YES;
				CLANG_WARN_RANGE_LOOP_ANALYSIS = YES;
				CLANG_WARN_STRICT_PROTOTYPES = YES;
				CLANG_WARN_SUSPICIOUS_MOVE = YES;
				CLANG_WARN_UNGUARDED_AVAILABILITY = YES_AGGRESSIVE;
				CLANG_WARN_UNREACHABLE_CODE = YES;
				CLANG_WARN__DUPLICATE_METHOD_MATCH = YES;
				COPY_PHASE_STRIP = NO;
				DEBUG_INFORMATION_FORMAT = dwarf;
				ENABLE_STRICT_OBJC_MSGSEND = YES;
				ENABLE_TESTABILITY = YES;
				GCC_C_LANGUAGE_STANDARD = gnu11;
				GCC_DYNAMIC_NO_PIC = NO;
				GCC_NO_COMMON_BLOCKS = YES;
				GCC_OPTIMIZATION_LEVEL = 0;
				GCC_PREPROCESSOR_DEFINITIONS = (
					"DEBUG=1",
					"$(inherited)",
				);
				GCC_WARN_64_TO_32_BIT_CONVERSION = YES;
				GCC_WARN_ABOUT_RETURN_TYPE = YES_ERROR;
				GCC_WARN_UNDECLARED_SELECTOR = YES;
				GCC_WARN_UNINITIALIZED_AUTOS = YES_AGGRESSIVE;
				GCC_WARN_UNUSED_FUNCTION = YES;
				GCC_WARN_UNUSED_VARIABLE = YES;
				IPHONEOS_DEPLOYMENT_TARGET = 14.4;
				MTL_ENABLE_DEBUG_INFO = INCLUDE_SOURCE;
				MTL_FAST_MATH = YES;
				ONLY_ACTIVE_ARCH = YES;
				PRODUCT_NAME = "Basic Application";
				SDKROOT = iphoneos;
				SWIFT_ACTIVE_COMPILATION_CONDITIONS = DEBUG;
				SWIFT_OPTIMIZATION_LEVEL = "-Onone";
			};
			name = Development;
		};
		EDBC4AAC26334A5A00D3EE9D /* Production */ = {
			isa = XCBuildConfiguration;
			buildSettings = {
				ALWAYS_SEARCH_USER_PATHS = NO;
				CLANG_ANALYZER_NONNULL = YES;
				CLANG_ANALYZER_NUMBER_OBJECT_CONVERSION = YES_AGGRESSIVE;
				CLANG_CXX_LANGUAGE_STANDARD = "gnu++14";
				CLANG_CXX_LIBRARY = "libc++";
				CLANG_ENABLE_MODULES = YES;
				CLANG_ENABLE_OBJC_ARC = YES;
				CLANG_ENABLE_OBJC_WEAK = YES;
				CLANG_WARN_BLOCK_CAPTURE_AUTORELEASING = YES;
				CLANG_WARN_BOOL_CONVERSION = YES;
				CLANG_WARN_COMMA = YES;
				CLANG_WARN_CONSTANT_CONVERSION = YES;
				CLANG_WARN_DEPRECATED_OBJC_IMPLEMENTATIONS = YES;
				CLANG_WARN_DIRECT_OBJC_ISA_USAGE = YES_ERROR;
				CLANG_WARN_DOCUMENTATION_COMMENTS = YES;
				CLANG_WARN_EMPTY_BODY = YES;
				CLANG_WARN_ENUM_CONVERSION = YES;
				CLANG_WARN_INFINITE_RECURSION = YES;
				CLANG_WARN_INT_CONVERSION = YES;
				CLANG_WARN_NON_LITERAL_NULL_CONVERSION = YES;
				CLANG_WARN_OBJC_IMPLICIT_RETAIN_SELF = YES;
				CLANG_WARN_OBJC_LITERAL_CONVERSION = YES;
				CLANG_WARN_OBJC_ROOT_CLASS = YES_ERROR;
				CLANG_WARN_QUOTED_INCLUDE_IN_FRAMEWORK_HEADER = YES;
				CLANG_WARN_RANGE_LOOP_ANALYSIS = YES;
				CLANG_WARN_STRICT_PROTOTYPES = YES;
				CLANG_WARN_SUSPICIOUS_MOVE = YES;
				CLANG_WARN_UNGUARDED_AVAILABILITY = YES_AGGRESSIVE;
				CLANG_WARN_UNREACHABLE_CODE = YES;
				CLANG_WARN__DUPLICATE_METHOD_MATCH = YES;
				COPY_PHASE_STRIP = NO;
				DEBUG_INFORMATION_FORMAT = "dwarf-with-dsym";
				ENABLE_NS_ASSERTIONS = NO;
				ENABLE_STRICT_OBJC_MSGSEND = YES;
				GCC_C_LANGUAGE_STANDARD = gnu11;
				GCC_NO_COMMON_BLOCKS = YES;
				GCC_WARN_64_TO_32_BIT_CONVERSION = YES;
				GCC_WARN_ABOUT_RETURN_TYPE = YES_ERROR;
				GCC_WARN_UNDECLARED_SELECTOR = YES;
				GCC_WARN_UNINITIALIZED_AUTOS = YES_AGGRESSIVE;
				GCC_WARN_UNUSED_FUNCTION = YES;
				GCC_WARN_UNUSED_VARIABLE = YES;
				IPHONEOS_DEPLOYMENT_TARGET = 14.4;
				MTL_ENABLE_DEBUG_INFO = NO;
				MTL_FAST_MATH = YES;
				PRODUCT_NAME = "Basic Application";
				SDKROOT = iphoneos;
				SWIFT_COMPILATION_MODE = wholemodule;
				SWIFT_OPTIMIZATION_LEVEL = "-O";
				VALIDATE_PRODUCT = YES;
			};
			name = Production;
		};
		EDBC4AAE26334A5A00D3EE9D /* Development */ = {
			isa = XCBuildConfiguration;
			buildSettings = {
				ASSETCATALOG_COMPILER_APPICON_NAME = AppIcon;
				ASSETCATALOG_COMPILER_GLOBAL_ACCENT_COLOR_NAME = AccentColor;
				CODE_SIGN_STYLE = Automatic;
				DEVELOPMENT_ASSET_PATHS = "\"Basic Application/Assets\"";
				ENABLE_PREVIEWS = YES;
				INFOPLIST_FILE = "Basic Application/Info.plist";
				IPHONEOS_DEPLOYMENT_TARGET = 14.0;
				LD_RUNPATH_SEARCH_PATHS = (
					"$(inherited)",
					"@executable_path/Frameworks",
				);
				ONLY_ACTIVE_ARCH = YES;
				PRODUCT_BUNDLE_IDENTIFIER = com.alonshlider.basicapplication;
				PRODUCT_NAME = "Basic Application";
				SWIFT_VERSION = 5.0;
				TARGETED_DEVICE_FAMILY = "1,2";
			};
			name = Development;
		};
		EDBC4AAF26334A5A00D3EE9D /* Production */ = {
			isa = XCBuildConfiguration;
			buildSettings = {
				ASSETCATALOG_COMPILER_APPICON_NAME = AppIcon;
				ASSETCATALOG_COMPILER_GLOBAL_ACCENT_COLOR_NAME = AccentColor;
				CODE_SIGN_STYLE = Automatic;
				DEVELOPMENT_ASSET_PATHS = "\"Basic Application/Assets\"";
				ENABLE_PREVIEWS = YES;
				INFOPLIST_FILE = "Basic Application/Info.plist";
				IPHONEOS_DEPLOYMENT_TARGET = 14.0;
				LD_RUNPATH_SEARCH_PATHS = (
					"$(inherited)",
					"@executable_path/Frameworks",
				);
				ONLY_ACTIVE_ARCH = NO;
				PRODUCT_BUNDLE_IDENTIFIER = com.alonshlider.basicapplication;
				PRODUCT_NAME = "Basic Application";
				SWIFT_VERSION = 5.0;
				TARGETED_DEVICE_FAMILY = "1,2";
			};
			name = Production;
		};
/* End XCBuildConfiguration section */

/* Begin XCConfigurationList section */
		EDBC4A9926334A5900D3EE9D /* Build configuration list for PBXProject "Basic Application" */ = {
			isa = XCConfigurationList;
			buildConfigurations = (
				EDBC4AAB26334A5A00D3EE9D /* Development */,
				B5658D6B281D6EF0003B4491 /* Stage */,
				EDBC4AAC26334A5A00D3EE9D /* Production */,
			);
			defaultConfigurationIsVisible = 0;
			defaultConfigurationName = Production;
		};
		EDBC4AAD26334A5A00D3EE9D /* Build configuration list for PBXNativeTarget "Basic Application" */ = {
			isa = XCConfigurationList;
			buildConfigurations = (
				EDBC4AAE26334A5A00D3EE9D /* Development */,
				B5658D6C281D6EF0003B4491 /* Stage */,
				EDBC4AAF26334A5A00D3EE9D /* Production */,
			);
			defaultConfigurationIsVisible = 0;
			defaultConfigurationName = Production;
		};
/* End XCConfigurationList section */

/* Begin XCRemoteSwiftPackageReference section */
		B519D3332824659700608201 /* XCRemoteSwiftPackageReference "Moya" */ = {
			isa = XCRemoteSwiftPackageReference;
			repositoryURL = "https://github.com/Moya/Moya";
			requirement = {
				branch = master;
				kind = branch;
			};
		};
		B52EEE7A2824194B00AECB8A /* XCRemoteSwiftPackageReference "Alamofire" */ = {
			isa = XCRemoteSwiftPackageReference;
			repositoryURL = "https://github.com/Alamofire/Alamofire.git";
			requirement = {
				kind = upToNextMajorVersion;
				minimumVersion = 5.0.0;
			};
		};
		B52EEE7D2824275600AECB8A /* XCRemoteSwiftPackageReference "Swinject" */ = {
			isa = XCRemoteSwiftPackageReference;
			repositoryURL = "https://github.com/Swinject/Swinject.git";
			requirement = {
				kind = upToNextMajorVersion;
				minimumVersion = 2.0.0;
			};
		};
		B59656222826AD9B00AB8B82 /* XCRemoteSwiftPackageReference "firebase-ios-sdk" */ = {
			isa = XCRemoteSwiftPackageReference;
			repositoryURL = "https://github.com/firebase/firebase-ios-sdk";
			requirement = {
				kind = upToNextMajorVersion;
				minimumVersion = 9.0.0;
			};
		};
/* End XCRemoteSwiftPackageReference section */

/* Begin XCSwiftPackageProductDependency section */
		B519D3342824659700608201 /* CombineMoya */ = {
			isa = XCSwiftPackageProductDependency;
			package = B519D3332824659700608201 /* XCRemoteSwiftPackageReference "Moya" */;
			productName = CombineMoya;
		};
		B519D3362824659700608201 /* Moya */ = {
			isa = XCSwiftPackageProductDependency;
			package = B519D3332824659700608201 /* XCRemoteSwiftPackageReference "Moya" */;
			productName = Moya;
		};
		B52EEE7B2824194B00AECB8A /* Alamofire */ = {
			isa = XCSwiftPackageProductDependency;
			package = B52EEE7A2824194B00AECB8A /* XCRemoteSwiftPackageReference "Alamofire" */;
			productName = Alamofire;
		};
		B52EEE7E2824275600AECB8A /* Swinject */ = {
			isa = XCSwiftPackageProductDependency;
			package = B52EEE7D2824275600AECB8A /* XCRemoteSwiftPackageReference "Swinject" */;
			productName = Swinject;
		};
		B59656232826AD9B00AB8B82 /* FirebaseFirestore */ = {
			isa = XCSwiftPackageProductDependency;
			package = B59656222826AD9B00AB8B82 /* XCRemoteSwiftPackageReference "firebase-ios-sdk" */;
			productName = FirebaseFirestore;
		};
/* End XCSwiftPackageProductDependency section */

/* Begin XCVersionGroup section */
		B5E5604A266C20D800DFA999 /* CoreDataDatabase.xcdatamodeld */ = {
			isa = XCVersionGroup;
			children = (
				B5E5604B266C20D800DFA999 /* CoreData.xcdatamodel */,
			);
			currentVersion = B5E5604B266C20D800DFA999 /* CoreData.xcdatamodel */;
			path = CoreDataDatabase.xcdatamodeld;
			sourceTree = "<group>";
			versionGroupType = wrapper.xcdatamodel;
		};
/* End XCVersionGroup section */
	};
	rootObject = EDBC4A9626334A5900D3EE9D /* Project object */;
}
